
Microsoft Visual Studio Solution File, Format Version 12.00
# Visual Studio 14
VisualStudioVersion = 14.0.24720.0
MinimumVisualStudioVersion = 10.0.40219.1
Project("{FAE04EC0-301F-11D3-BF4B-00C04F79EFBC}") = "Prog00", "Prog01\Prog00.csproj", "{97B7AE82-C241-4B3A-9E68-E297A199EE96}"
EndProject
Project("{FAE04EC0-301F-11D3-BF4B-00C04F79EFBC}") = "Prog01", "Prog02\Prog01.csproj", "{9CBE629A-9960-4A07-80BB-927B106223AB}"
EndProject
Project("{FAE04EC0-301F-11D3-BF4B-00C04F79EFBC}") = "Prog02", "Prog03\Prog02.csproj", "{13BB1E96-CC23-4475-A939-52F04A4FA045}"
EndProject
Project("{FAE04EC0-301F-11D3-BF4B-00C04F79EFBC}") = "Prog03", "Prog04\Prog03.csproj", "{ED1E50DF-8FB6-4B82-B43B-11DB6FFA0293}"
EndProject
Project("{FAE04EC0-301F-11D3-BF4B-00C04F79EFBC}") = "Prog04", "Prog05\Prog04.csproj", "{57D229E6-1A5D-43AA-A823-20CA965238B2}"
EndProject
Project("{FAE04EC0-301F-11D3-BF4B-00C04F79EFBC}") = "Prog05", "Prog06\Prog05.csproj", "{1D3AFC23-5BC5-4B47-B437-15145BF7AFD0}"
EndProject
Project("{FAE04EC0-301F-11D3-BF4B-00C04F79EFBC}") = "Prog06", "Prog07\Prog06.csproj", "{634F15FC-FC95-4E6E-A3C3-9752EBF7E969}"
EndProject
Project("{FAE04EC0-301F-11D3-BF4B-00C04F79EFBC}") = "Prog07", "Prog08\Prog07.csproj", "{4578D6F9-DBBC-4A2F-A1CA-44569344C760}"
EndProject
Project("{FAE04EC0-301F-11D3-BF4B-00C04F79EFBC}") = "Ejemplos", "Prog08SwitchExample\Ejemplos.csproj", "{C2507129-DF48-4CB1-ACA6-B7B533E40A5B}"
EndProject
Project("{FAE04EC0-301F-11D3-BF4B-00C04F79EFBC}") = "Prog08", "Prog09\Prog08.csproj", "{C1F7D43B-0CAB-42BD-B65D-D9652386EFD9}"
EndProject
Project("{FAE04EC0-301F-11D3-BF4B-00C04F79EFBC}") = "Prog10-(09)", "Prog10-(09)\Prog10-(09).csproj", "{BF085874-E7FF-4A8F-A75A-485A6D0653CA}"
EndProject
Project("{FAE04EC0-301F-11D3-BF4B-00C04F79EFBC}") = "Prog10", "Prog10\Prog10.csproj", "{8760DE0C-ED48-4846-86ED-471C2040A01A}"
EndProject
Project("{FAE04EC0-301F-11D3-BF4B-00C04F79EFBC}") = "Prog11", "Prog11\Prog11.csproj", "{4786E336-0346-4437-B423-4F55E26841FE}"
EndProject
Project("{FAE04EC0-301F-11D3-BF4B-00C04F79EFBC}") = "Prog12", "Prog12\Prog12.csproj", "{4E004711-34A2-4D33-9283-B0DE45224C59}"
EndProject
Project("{FAE04EC0-301F-11D3-BF4B-00C04F79EFBC}") = "Prog13", "Prog13\Prog13.csproj", "{1DA83FA8-8BAC-4F9A-ADB6-8FF693824953}"
EndProject
Project("{FAE04EC0-301F-11D3-BF4B-00C04F79EFBC}") = "Prog14", "Prog14\Prog14.csproj", "{559DB0E5-ACFA-44D0-AFA3-6FA89395FE42}"
EndProject
Project("{FAE04EC0-301F-11D3-BF4B-00C04F79EFBC}") = "Prog15", "Pro15\Prog15.csproj", "{B5D1250C-6D3E-4183-9132-BA67BD02FFBE}"
EndProject
Project("{FAE04EC0-301F-11D3-BF4B-00C04F79EFBC}") = "Prog16", "Prog16\Prog16.csproj", "{8E7F842F-5346-4F3A-B30B-95CC3DC214A9}"
EndProject
Project("{FAE04EC0-301F-11D3-BF4B-00C04F79EFBC}") = "Prog17", "Prog17\Prog17.csproj", "{955EAC57-53FF-44D2-A8B9-56D14AA7589D}"
EndProject
Project("{FAE04EC0-301F-11D3-BF4B-00C04F79EFBC}") = "Prog18", "Pro18\Prog18.csproj", "{3A1FAFFA-FBFA-429D-BB73-2F2B29507202}"
EndProject
Project("{FAE04EC0-301F-11D3-BF4B-00C04F79EFBC}") = "Prog19", "Prog19\Prog19.csproj", "{05D92FEB-0187-41ED-B24C-4A8801CB7247}"
EndProject
Global
	GlobalSection(SolutionConfigurationPlatforms) = preSolution
		Debug|Any CPU = Debug|Any CPU
		Release|Any CPU = Release|Any CPU
	EndGlobalSection
	GlobalSection(ProjectConfigurationPlatforms) = postSolution
		{97B7AE82-C241-4B3A-9E68-E297A199EE96}.Debug|Any CPU.ActiveCfg = Debug|Any CPU
		{97B7AE82-C241-4B3A-9E68-E297A199EE96}.Debug|Any CPU.Build.0 = Debug|Any CPU
		{97B7AE82-C241-4B3A-9E68-E297A199EE96}.Release|Any CPU.ActiveCfg = Release|Any CPU
		{97B7AE82-C241-4B3A-9E68-E297A199EE96}.Release|Any CPU.Build.0 = Release|Any CPU
		{9CBE629A-9960-4A07-80BB-927B106223AB}.Debug|Any CPU.ActiveCfg = Debug|Any CPU
		{9CBE629A-9960-4A07-80BB-927B106223AB}.Debug|Any CPU.Build.0 = Debug|Any CPU
		{9CBE629A-9960-4A07-80BB-927B106223AB}.Release|Any CPU.ActiveCfg = Release|Any CPU
		{9CBE629A-9960-4A07-80BB-927B106223AB}.Release|Any CPU.Build.0 = Release|Any CPU
		{13BB1E96-CC23-4475-A939-52F04A4FA045}.Debug|Any CPU.ActiveCfg = Debug|Any CPU
		{13BB1E96-CC23-4475-A939-52F04A4FA045}.Debug|Any CPU.Build.0 = Debug|Any CPU
		{13BB1E96-CC23-4475-A939-52F04A4FA045}.Release|Any CPU.ActiveCfg = Release|Any CPU
		{13BB1E96-CC23-4475-A939-52F04A4FA045}.Release|Any CPU.Build.0 = Release|Any CPU
		{ED1E50DF-8FB6-4B82-B43B-11DB6FFA0293}.Debug|Any CPU.ActiveCfg = Debug|Any CPU
		{ED1E50DF-8FB6-4B82-B43B-11DB6FFA0293}.Debug|Any CPU.Build.0 = Debug|Any CPU
		{ED1E50DF-8FB6-4B82-B43B-11DB6FFA0293}.Release|Any CPU.ActiveCfg = Release|Any CPU
		{ED1E50DF-8FB6-4B82-B43B-11DB6FFA0293}.Release|Any CPU.Build.0 = Release|Any CPU
		{57D229E6-1A5D-43AA-A823-20CA965238B2}.Debug|Any CPU.ActiveCfg = Debug|Any CPU
		{57D229E6-1A5D-43AA-A823-20CA965238B2}.Debug|Any CPU.Build.0 = Debug|Any CPU
		{57D229E6-1A5D-43AA-A823-20CA965238B2}.Release|Any CPU.ActiveCfg = Release|Any CPU
		{57D229E6-1A5D-43AA-A823-20CA965238B2}.Release|Any CPU.Build.0 = Release|Any CPU
		{1D3AFC23-5BC5-4B47-B437-15145BF7AFD0}.Debug|Any CPU.ActiveCfg = Debug|Any CPU
		{1D3AFC23-5BC5-4B47-B437-15145BF7AFD0}.Debug|Any CPU.Build.0 = Debug|Any CPU
		{1D3AFC23-5BC5-4B47-B437-15145BF7AFD0}.Release|Any CPU.ActiveCfg = Release|Any CPU
		{1D3AFC23-5BC5-4B47-B437-15145BF7AFD0}.Release|Any CPU.Build.0 = Release|Any CPU
		{634F15FC-FC95-4E6E-A3C3-9752EBF7E969}.Debug|Any CPU.ActiveCfg = Debug|Any CPU
		{634F15FC-FC95-4E6E-A3C3-9752EBF7E969}.Debug|Any CPU.Build.0 = Debug|Any CPU
		{634F15FC-FC95-4E6E-A3C3-9752EBF7E969}.Release|Any CPU.ActiveCfg = Release|Any CPU
		{634F15FC-FC95-4E6E-A3C3-9752EBF7E969}.Release|Any CPU.Build.0 = Release|Any CPU
		{4578D6F9-DBBC-4A2F-A1CA-44569344C760}.Debug|Any CPU.ActiveCfg = Debug|Any CPU
		{4578D6F9-DBBC-4A2F-A1CA-44569344C760}.Debug|Any CPU.Build.0 = Debug|Any CPU
		{4578D6F9-DBBC-4A2F-A1CA-44569344C760}.Release|Any CPU.ActiveCfg = Release|Any CPU
		{4578D6F9-DBBC-4A2F-A1CA-44569344C760}.Release|Any CPU.Build.0 = Release|Any CPU
		{C2507129-DF48-4CB1-ACA6-B7B533E40A5B}.Debug|Any CPU.ActiveCfg = Debug|Any CPU
		{C2507129-DF48-4CB1-ACA6-B7B533E40A5B}.Debug|Any CPU.Build.0 = Debug|Any CPU
		{C2507129-DF48-4CB1-ACA6-B7B533E40A5B}.Release|Any CPU.ActiveCfg = Release|Any CPU
		{C2507129-DF48-4CB1-ACA6-B7B533E40A5B}.Release|Any CPU.Build.0 = Release|Any CPU
		{C1F7D43B-0CAB-42BD-B65D-D9652386EFD9}.Debug|Any CPU.ActiveCfg = Debug|Any CPU
		{C1F7D43B-0CAB-42BD-B65D-D9652386EFD9}.Debug|Any CPU.Build.0 = Debug|Any CPU
		{C1F7D43B-0CAB-42BD-B65D-D9652386EFD9}.Release|Any CPU.ActiveCfg = Release|Any CPU
		{C1F7D43B-0CAB-42BD-B65D-D9652386EFD9}.Release|Any CPU.Build.0 = Release|Any CPU
		{BF085874-E7FF-4A8F-A75A-485A6D0653CA}.Debug|Any CPU.ActiveCfg = Debug|Any CPU
		{BF085874-E7FF-4A8F-A75A-485A6D0653CA}.Debug|Any CPU.Build.0 = Debug|Any CPU
		{BF085874-E7FF-4A8F-A75A-485A6D0653CA}.Release|Any CPU.ActiveCfg = Release|Any CPU
		{BF085874-E7FF-4A8F-A75A-485A6D0653CA}.Release|Any CPU.Build.0 = Release|Any CPU
		{8760DE0C-ED48-4846-86ED-471C2040A01A}.Debug|Any CPU.ActiveCfg = Debug|Any CPU
		{8760DE0C-ED48-4846-86ED-471C2040A01A}.Debug|Any CPU.Build.0 = Debug|Any CPU
		{8760DE0C-ED48-4846-86ED-471C2040A01A}.Release|Any CPU.ActiveCfg = Release|Any CPU
		{8760DE0C-ED48-4846-86ED-471C2040A01A}.Release|Any CPU.Build.0 = Release|Any CPU
		{4786E336-0346-4437-B423-4F55E26841FE}.Debug|Any CPU.ActiveCfg = Debug|Any CPU
		{4786E336-0346-4437-B423-4F55E26841FE}.Debug|Any CPU.Build.0 = Debug|Any CPU
		{4786E336-0346-4437-B423-4F55E26841FE}.Release|Any CPU.ActiveCfg = Release|Any CPU
		{4786E336-0346-4437-B423-4F55E26841FE}.Release|Any CPU.Build.0 = Release|Any CPU
		{4E004711-34A2-4D33-9283-B0DE45224C59}.Debug|Any CPU.ActiveCfg = Debug|Any CPU
		{4E004711-34A2-4D33-9283-B0DE45224C59}.Debug|Any CPU.Build.0 = Debug|Any CPU
		{4E004711-34A2-4D33-9283-B0DE45224C59}.Release|Any CPU.ActiveCfg = Release|Any CPU
		{4E004711-34A2-4D33-9283-B0DE45224C59}.Release|Any CPU.Build.0 = Release|Any CPU
		{1DA83FA8-8BAC-4F9A-ADB6-8FF693824953}.Debug|Any CPU.ActiveCfg = Debug|Any CPU
		{1DA83FA8-8BAC-4F9A-ADB6-8FF693824953}.Debug|Any CPU.Build.0 = Debug|Any CPU
		{1DA83FA8-8BAC-4F9A-ADB6-8FF693824953}.Release|Any CPU.ActiveCfg = Release|Any CPU
		{1DA83FA8-8BAC-4F9A-ADB6-8FF693824953}.Release|Any CPU.Build.0 = Release|Any CPU
		{559DB0E5-ACFA-44D0-AFA3-6FA89395FE42}.Debug|Any CPU.ActiveCfg = Debug|Any CPU
		{559DB0E5-ACFA-44D0-AFA3-6FA89395FE42}.Debug|Any CPU.Build.0 = Debug|Any CPU
		{559DB0E5-ACFA-44D0-AFA3-6FA89395FE42}.Release|Any CPU.ActiveCfg = Release|Any CPU
		{559DB0E5-ACFA-44D0-AFA3-6FA89395FE42}.Release|Any CPU.Build.0 = Release|Any CPU
		{B5D1250C-6D3E-4183-9132-BA67BD02FFBE}.Debug|Any CPU.ActiveCfg = Debug|Any CPU
		{B5D1250C-6D3E-4183-9132-BA67BD02FFBE}.Debug|Any CPU.Build.0 = Debug|Any CPU
		{B5D1250C-6D3E-4183-9132-BA67BD02FFBE}.Release|Any CPU.ActiveCfg = Release|Any CPU
		{B5D1250C-6D3E-4183-9132-BA67BD02FFBE}.Release|Any CPU.Build.0 = Release|Any CPU
		{8E7F842F-5346-4F3A-B30B-95CC3DC214A9}.Debug|Any CPU.ActiveCfg = Debug|Any CPU
		{8E7F842F-5346-4F3A-B30B-95CC3DC214A9}.Debug|Any CPU.Build.0 = Debug|Any CPU
		{8E7F842F-5346-4F3A-B30B-95CC3DC214A9}.Release|Any CPU.ActiveCfg = Release|Any CPU
		{8E7F842F-5346-4F3A-B30B-95CC3DC214A9}.Release|Any CPU.Build.0 = Release|Any CPU
		{955EAC57-53FF-44D2-A8B9-56D14AA7589D}.Debug|Any CPU.ActiveCfg = Debug|Any CPU
		{955EAC57-53FF-44D2-A8B9-56D14AA7589D}.Debug|Any CPU.Build.0 = Debug|Any CPU
		{955EAC57-53FF-44D2-A8B9-56D14AA7589D}.Release|Any CPU.ActiveCfg = Release|Any CPU
		{955EAC57-53FF-44D2-A8B9-56D14AA7589D}.Release|Any CPU.Build.0 = Release|Any CPU
		{3A1FAFFA-FBFA-429D-BB73-2F2B29507202}.Debug|Any CPU.ActiveCfg = Debug|Any CPU
		{3A1FAFFA-FBFA-429D-BB73-2F2B29507202}.Debug|Any CPU.Build.0 = Debug|Any CPU
		{3A1FAFFA-FBFA-429D-BB73-2F2B29507202}.Release|Any CPU.ActiveCfg = Release|Any CPU
		{3A1FAFFA-FBFA-429D-BB73-2F2B29507202}.Release|Any CPU.Build.0 = Release|Any CPU
		{05D92FEB-0187-41ED-B24C-4A8801CB7247}.Debug|Any CPU.ActiveCfg = Debug|Any CPU
		{05D92FEB-0187-41ED-B24C-4A8801CB7247}.Debug|Any CPU.Build.0 = Debug|Any CPU
		{05D92FEB-0187-41ED-B24C-4A8801CB7247}.Release|Any CPU.ActiveCfg = Release|Any CPU
		{05D92FEB-0187-41ED-B24C-4A8801CB7247}.Release|Any CPU.Build.0 = Release|Any CPU
	EndGlobalSection
	GlobalSection(SolutionProperties) = preSolution
		HideSolutionNode = FALSE
	EndGlobalSection
EndGlobal
